
Microsoft Visual Studio Solution File, Format Version 12.00
# Visual Studio 14
VisualStudioVersion = 14.0.25420.1
MinimumVisualStudioVersion = 10.0.40219.1
Project("{2150E333-8FDC-42A3-9474-1A3956D46DE8}") = "src", "src", "{4F2CB3C3-1F38-4A2F-806C-E83D118B5252}"
EndProject
Project("{2150E333-8FDC-42A3-9474-1A3956D46DE8}") = "Solution Items", "Solution Items", "{77170E65-F021-44AF-A1FE-2DBD838DA44A}"
	ProjectSection(SolutionItems) = preProject
		global.json = global.json
	EndProjectSection
EndProject
Project("{8BB2217D-0F2D-49D1-97BC-3654ED321F3B}") = "pm-management-backend", "src\pm-management-backend\pm-management-backend.xproj", "{CA55C533-16E8-4EE0-9ECB-F5CED67CB404}"
EndProject
Global
	GlobalSection(SolutionConfigurationPlatforms) = preSolution
		Debug|Any CPU = Debug|Any CPU
		Release|Any CPU = Release|Any CPU
	EndGlobalSection
	GlobalSection(ProjectConfigurationPlatforms) = postSolution
		{CA55C533-16E8-4EE0-9ECB-F5CED67CB404}.Debug|Any CPU.ActiveCfg = Debug|Any CPU
		{CA55C533-16E8-4EE0-9ECB-F5CED67CB404}.Debug|Any CPU.Build.0 = Debug|Any CPU
		{CA55C533-16E8-4EE0-9ECB-F5CED67CB404}.Release|Any CPU.ActiveCfg = Release|Any CPU
		{CA55C533-16E8-4EE0-9ECB-F5CED67CB404}.Release|Any CPU.Build.0 = Release|Any CPU
	EndGlobalSection
	GlobalSection(SolutionProperties) = preSolution
		HideSolutionNode = FALSE
	EndGlobalSection
	GlobalSection(NestedProjects) = preSolution
		{CA55C533-16E8-4EE0-9ECB-F5CED67CB404} = {4F2CB3C3-1F38-4A2F-806C-E83D118B5252}
	EndGlobalSection
EndGlobal
